// !$*UTF8*$!
{
	archiveVersion = 1;
	classes = {
	};
	objectVersion = 46;
	objects = {

/* Begin PBXBuildFile section */
		1F0D9F8B2060C1F60047D076 /* MenuViewController.swift in Sources */ = {isa = PBXBuildFile; fileRef = 1F0D9F8A2060C1F60047D076 /* MenuViewController.swift */; };
		1F0D9F8D2060C2100047D076 /* MenuViewController.storyboard in Resources */ = {isa = PBXBuildFile; fileRef = 1F0D9F8C2060C2100047D076 /* MenuViewController.storyboard */; };
		1F15A5032064AC0A00FC802A /* Client.swift in Sources */ = {isa = PBXBuildFile; fileRef = 1F15A5022064AC0A00FC802A /* Client.swift */; };
		1F182D48205F68770077FCA3 /* CloudService.swift in Sources */ = {isa = PBXBuildFile; fileRef = 1F182D47205F68770077FCA3 /* CloudService.swift */; };
		1F1D5DA62061698A00F8C3DB /* GoogleClient.swift in Sources */ = {isa = PBXBuildFile; fileRef = 1F1D5DA52061698A00F8C3DB /* GoogleClient.swift */; };
		1F1D5DA82061699C00F8C3DB /* DropboxClient.swift in Sources */ = {isa = PBXBuildFile; fileRef = 1F1D5DA72061699C00F8C3DB /* DropboxClient.swift */; };
		1F1F45922060B39800DA1C51 /* SettingViewController.swift in Sources */ = {isa = PBXBuildFile; fileRef = 1F1F45912060B39800DA1C51 /* SettingViewController.swift */; };
		1F1F45942060B3AE00DA1C51 /* SettingViewController.storyboard in Resources */ = {isa = PBXBuildFile; fileRef = 1F1F45932060B3AE00DA1C51 /* SettingViewController.storyboard */; };
		1F1F45972060B48F00DA1C51 /* SettingTableViewCell.xib in Resources */ = {isa = PBXBuildFile; fileRef = 1F1F45962060B48F00DA1C51 /* SettingTableViewCell.xib */; };
		1F1F45992060B4FF00DA1C51 /* SettingTableViewCell.swift in Sources */ = {isa = PBXBuildFile; fileRef = 1F1F45982060B4FF00DA1C51 /* SettingTableViewCell.swift */; };
		1F213EE220624D57007D47BF /* PlayerViewController.swift in Sources */ = {isa = PBXBuildFile; fileRef = 1F213EE120624D57007D47BF /* PlayerViewController.swift */; };
		1F213EE420624D71007D47BF /* PlayerViewController.storyboard in Resources */ = {isa = PBXBuildFile; fileRef = 1F213EE320624D71007D47BF /* PlayerViewController.storyboard */; };
		1F29036C2065F22A00CCD05A /* Track.swift in Sources */ = {isa = PBXBuildFile; fileRef = 1F29036B2065F22A00CCD05A /* Track.swift */; };
		1F4D87641F63967900DB7DEE /* Jukebox.framework in Frameworks */ = {isa = PBXBuildFile; fileRef = 1FA993471F2CF3F100C5BF50 /* Jukebox.framework */; };
		1F4D87651F63967900DB7DEE /* Jukebox.framework in Embed Frameworks */ = {isa = PBXBuildFile; fileRef = 1FA993471F2CF3F100C5BF50 /* Jukebox.framework */; settings = {ATTRIBUTES = (CodeSignOnCopy, RemoveHeadersOnCopy, ); }; };
		1F65958C1EACB46F002B5DD5 /* AppDelegate.swift in Sources */ = {isa = PBXBuildFile; fileRef = 1F65958B1EACB46F002B5DD5 /* AppDelegate.swift */; };
		1F6595931EACB46F002B5DD5 /* Main.storyboard in Resources */ = {isa = PBXBuildFile; fileRef = 1F6595911EACB46F002B5DD5 /* Main.storyboard */; };
		1F6595951EACB46F002B5DD5 /* Assets.xcassets in Resources */ = {isa = PBXBuildFile; fileRef = 1F6595941EACB46F002B5DD5 /* Assets.xcassets */; };
		1F6595981EACB46F002B5DD5 /* LaunchScreen.storyboard in Resources */ = {isa = PBXBuildFile; fileRef = 1F6595961EACB46F002B5DD5 /* LaunchScreen.storyboard */; };
		1F6595A31EACB46F002B5DD5 /* mixmaxTests.swift in Sources */ = {isa = PBXBuildFile; fileRef = 1F6595A21EACB46F002B5DD5 /* mixmaxTests.swift */; };
		1F6595AE1EACB46F002B5DD5 /* mixmaxUITests.swift in Sources */ = {isa = PBXBuildFile; fileRef = 1F6595AD1EACB46F002B5DD5 /* mixmaxUITests.swift */; };
		1F6595BC1EAF7305002B5DD5 /* ItemListViewController.storyboard in Resources */ = {isa = PBXBuildFile; fileRef = 1F6595BB1EAF7305002B5DD5 /* ItemListViewController.storyboard */; };
		1F6595C01EAF7565002B5DD5 /* ItemListCollectionViewCell.swift in Sources */ = {isa = PBXBuildFile; fileRef = 1F6595BF1EAF7565002B5DD5 /* ItemListCollectionViewCell.swift */; };
		1F6595C21EAF759C002B5DD5 /* ItemListCollectionViewCell.xib in Resources */ = {isa = PBXBuildFile; fileRef = 1F6595C11EAF759C002B5DD5 /* ItemListCollectionViewCell.xib */; };
		1F6595C41EAFA490002B5DD5 /* ItemListViewController.swift in Sources */ = {isa = PBXBuildFile; fileRef = 1F6595C31EAFA490002B5DD5 /* ItemListViewController.swift */; };
		1F6595C61EB0C603002B5DD5 /* SwiftyJSON.swift in Sources */ = {isa = PBXBuildFile; fileRef = 1F6595C51EB0C603002B5DD5 /* SwiftyJSON.swift */; };
		1F6595C81EB0D142002B5DD5 /* Item.swift in Sources */ = {isa = PBXBuildFile; fileRef = 1F6595C71EB0D142002B5DD5 /* Item.swift */; };
		1F6595CA1EB0EF3A002B5DD5 /* DropBoxLoginViewController.swift in Sources */ = {isa = PBXBuildFile; fileRef = 1F6595C91EB0EF3A002B5DD5 /* DropBoxLoginViewController.swift */; };
		1F6595CC1EB0EF67002B5DD5 /* DropBoxLoginViewController.storyboard in Resources */ = {isa = PBXBuildFile; fileRef = 1F6595CB1EB0EF67002B5DD5 /* DropBoxLoginViewController.storyboard */; };
		1FA9934A1F2CF44600C5BF50 /* JukeViewController.swift in Sources */ = {isa = PBXBuildFile; fileRef = 1FA993491F2CF44600C5BF50 /* JukeViewController.swift */; };
		1FA9934D1F2CF8A300C5BF50 /* JukeViewController.storyboard in Resources */ = {isa = PBXBuildFile; fileRef = 1FA9934C1F2CF8A300C5BF50 /* JukeViewController.storyboard */; };
		1FCE85A4205BA6AB0017DF16 /* GoogleLoginViewController.swift in Sources */ = {isa = PBXBuildFile; fileRef = 1FCE85A2205BA6AB0017DF16 /* GoogleLoginViewController.swift */; };
		1FCE85A5205BA6AB0017DF16 /* GoogleLoginViewController.storyboard in Resources */ = {isa = PBXBuildFile; fileRef = 1FCE85A3205BA6AB0017DF16 /* GoogleLoginViewController.storyboard */; };
		439DEF28C55A120B19B12F46 /* Pods_mixmaxUITests.framework in Frameworks */ = {isa = PBXBuildFile; fileRef = 94B2727F973D76302EE99231 /* Pods_mixmaxUITests.framework */; };
		661D196EF31A347979A5F314 /* Pods_mixmax.framework in Frameworks */ = {isa = PBXBuildFile; fileRef = 68FD6EF4718ADF6285A020BF /* Pods_mixmax.framework */; };
/* End PBXBuildFile section */

/* Begin PBXContainerItemProxy section */
		1F65959F1EACB46F002B5DD5 /* PBXContainerItemProxy */ = {
			isa = PBXContainerItemProxy;
			containerPortal = 1F6595801EACB46F002B5DD5 /* Project object */;
			proxyType = 1;
			remoteGlobalIDString = 1F6595871EACB46F002B5DD5;
			remoteInfo = mixmax;
		};
		1F6595AA1EACB46F002B5DD5 /* PBXContainerItemProxy */ = {
			isa = PBXContainerItemProxy;
			containerPortal = 1F6595801EACB46F002B5DD5 /* Project object */;
			proxyType = 1;
			remoteGlobalIDString = 1F6595871EACB46F002B5DD5;
			remoteInfo = mixmax;
		};
/* End PBXContainerItemProxy section */

/* Begin PBXCopyFilesBuildPhase section */
		1F4D87661F63967900DB7DEE /* Embed Frameworks */ = {
			isa = PBXCopyFilesBuildPhase;
			buildActionMask = 2147483647;
			dstPath = "";
			dstSubfolderSpec = 10;
			files = (
				1F4D87651F63967900DB7DEE /* Jukebox.framework in Embed Frameworks */,
			);
			name = "Embed Frameworks";
			runOnlyForDeploymentPostprocessing = 0;
		};
/* End PBXCopyFilesBuildPhase section */

/* Begin PBXFileReference section */
		1F0D9F8A2060C1F60047D076 /* MenuViewController.swift */ = {isa = PBXFileReference; lastKnownFileType = sourcecode.swift; path = MenuViewController.swift; sourceTree = "<group>"; };
		1F0D9F8C2060C2100047D076 /* MenuViewController.storyboard */ = {isa = PBXFileReference; lastKnownFileType = file.storyboard; path = MenuViewController.storyboard; sourceTree = "<group>"; };
		1F15A5022064AC0A00FC802A /* Client.swift */ = {isa = PBXFileReference; lastKnownFileType = sourcecode.swift; path = Client.swift; sourceTree = "<group>"; };
		1F182D47205F68770077FCA3 /* CloudService.swift */ = {isa = PBXFileReference; lastKnownFileType = sourcecode.swift; path = CloudService.swift; sourceTree = "<group>"; };
		1F1D5DA52061698A00F8C3DB /* GoogleClient.swift */ = {isa = PBXFileReference; lastKnownFileType = sourcecode.swift; path = GoogleClient.swift; sourceTree = "<group>"; };
		1F1D5DA72061699C00F8C3DB /* DropboxClient.swift */ = {isa = PBXFileReference; lastKnownFileType = sourcecode.swift; path = DropboxClient.swift; sourceTree = "<group>"; };
		1F1F45912060B39800DA1C51 /* SettingViewController.swift */ = {isa = PBXFileReference; lastKnownFileType = sourcecode.swift; path = SettingViewController.swift; sourceTree = "<group>"; };
		1F1F45932060B3AE00DA1C51 /* SettingViewController.storyboard */ = {isa = PBXFileReference; lastKnownFileType = file.storyboard; path = SettingViewController.storyboard; sourceTree = "<group>"; };
		1F1F45962060B48F00DA1C51 /* SettingTableViewCell.xib */ = {isa = PBXFileReference; lastKnownFileType = file.xib; path = SettingTableViewCell.xib; sourceTree = "<group>"; };
		1F1F45982060B4FF00DA1C51 /* SettingTableViewCell.swift */ = {isa = PBXFileReference; lastKnownFileType = sourcecode.swift; path = SettingTableViewCell.swift; sourceTree = "<group>"; };
		1F213EE120624D57007D47BF /* PlayerViewController.swift */ = {isa = PBXFileReference; lastKnownFileType = sourcecode.swift; path = PlayerViewController.swift; sourceTree = "<group>"; };
		1F213EE320624D71007D47BF /* PlayerViewController.storyboard */ = {isa = PBXFileReference; lastKnownFileType = file.storyboard; path = PlayerViewController.storyboard; sourceTree = "<group>"; };
		1F29036B2065F22A00CCD05A /* Track.swift */ = {isa = PBXFileReference; lastKnownFileType = sourcecode.swift; path = Track.swift; sourceTree = "<group>"; };
		1F45D691205CBA6D0093DC0C /* mixmax-Bridging-Header.h */ = {isa = PBXFileReference; lastKnownFileType = sourcecode.c.h; path = "mixmax-Bridging-Header.h"; sourceTree = "<group>"; };
		1F6595881EACB46F002B5DD5 /* mixmax.app */ = {isa = PBXFileReference; explicitFileType = wrapper.application; includeInIndex = 0; path = mixmax.app; sourceTree = BUILT_PRODUCTS_DIR; };
		1F65958B1EACB46F002B5DD5 /* AppDelegate.swift */ = {isa = PBXFileReference; lastKnownFileType = sourcecode.swift; path = AppDelegate.swift; sourceTree = "<group>"; };
		1F6595921EACB46F002B5DD5 /* Base */ = {isa = PBXFileReference; lastKnownFileType = file.storyboard; name = Base; path = Base.lproj/Main.storyboard; sourceTree = "<group>"; };
		1F6595941EACB46F002B5DD5 /* Assets.xcassets */ = {isa = PBXFileReference; lastKnownFileType = folder.assetcatalog; path = Assets.xcassets; sourceTree = "<group>"; };
		1F6595971EACB46F002B5DD5 /* Base */ = {isa = PBXFileReference; lastKnownFileType = file.storyboard; name = Base; path = Base.lproj/LaunchScreen.storyboard; sourceTree = "<group>"; };
		1F6595991EACB46F002B5DD5 /* Info.plist */ = {isa = PBXFileReference; lastKnownFileType = text.plist.xml; path = Info.plist; sourceTree = "<group>"; };
		1F65959E1EACB46F002B5DD5 /* mixmaxTests.xctest */ = {isa = PBXFileReference; explicitFileType = wrapper.cfbundle; includeInIndex = 0; path = mixmaxTests.xctest; sourceTree = BUILT_PRODUCTS_DIR; };
		1F6595A21EACB46F002B5DD5 /* mixmaxTests.swift */ = {isa = PBXFileReference; lastKnownFileType = sourcecode.swift; path = mixmaxTests.swift; sourceTree = "<group>"; };
		1F6595A41EACB46F002B5DD5 /* Info.plist */ = {isa = PBXFileReference; lastKnownFileType = text.plist.xml; path = Info.plist; sourceTree = "<group>"; };
		1F6595A91EACB46F002B5DD5 /* mixmaxUITests.xctest */ = {isa = PBXFileReference; explicitFileType = wrapper.cfbundle; includeInIndex = 0; path = mixmaxUITests.xctest; sourceTree = BUILT_PRODUCTS_DIR; };
		1F6595AD1EACB46F002B5DD5 /* mixmaxUITests.swift */ = {isa = PBXFileReference; lastKnownFileType = sourcecode.swift; path = mixmaxUITests.swift; sourceTree = "<group>"; };
		1F6595AF1EACB46F002B5DD5 /* Info.plist */ = {isa = PBXFileReference; lastKnownFileType = text.plist.xml; path = Info.plist; sourceTree = "<group>"; };
		1F6595BB1EAF7305002B5DD5 /* ItemListViewController.storyboard */ = {isa = PBXFileReference; fileEncoding = 4; lastKnownFileType = file.storyboard; path = ItemListViewController.storyboard; sourceTree = "<group>"; };
		1F6595BF1EAF7565002B5DD5 /* ItemListCollectionViewCell.swift */ = {isa = PBXFileReference; fileEncoding = 4; lastKnownFileType = sourcecode.swift; path = ItemListCollectionViewCell.swift; sourceTree = "<group>"; };
		1F6595C11EAF759C002B5DD5 /* ItemListCollectionViewCell.xib */ = {isa = PBXFileReference; fileEncoding = 4; lastKnownFileType = file.xib; path = ItemListCollectionViewCell.xib; sourceTree = "<group>"; };
		1F6595C31EAFA490002B5DD5 /* ItemListViewController.swift */ = {isa = PBXFileReference; fileEncoding = 4; lastKnownFileType = sourcecode.swift; path = ItemListViewController.swift; sourceTree = "<group>"; };
		1F6595C51EB0C603002B5DD5 /* SwiftyJSON.swift */ = {isa = PBXFileReference; fileEncoding = 4; lastKnownFileType = sourcecode.swift; path = SwiftyJSON.swift; sourceTree = "<group>"; };
		1F6595C71EB0D142002B5DD5 /* Item.swift */ = {isa = PBXFileReference; fileEncoding = 4; lastKnownFileType = sourcecode.swift; path = Item.swift; sourceTree = "<group>"; };
		1F6595C91EB0EF3A002B5DD5 /* DropBoxLoginViewController.swift */ = {isa = PBXFileReference; fileEncoding = 4; lastKnownFileType = sourcecode.swift; path = DropBoxLoginViewController.swift; sourceTree = "<group>"; };
		1F6595CB1EB0EF67002B5DD5 /* DropBoxLoginViewController.storyboard */ = {isa = PBXFileReference; fileEncoding = 4; lastKnownFileType = file.storyboard; path = DropBoxLoginViewController.storyboard; sourceTree = "<group>"; };
		1FA993471F2CF3F100C5BF50 /* Jukebox.framework */ = {isa = PBXFileReference; lastKnownFileType = wrapper.framework; name = Jukebox.framework; path = Carthage/Build/iOS/Jukebox.framework; sourceTree = "<group>"; };
		1FA993491F2CF44600C5BF50 /* JukeViewController.swift */ = {isa = PBXFileReference; fileEncoding = 4; lastKnownFileType = sourcecode.swift; path = JukeViewController.swift; sourceTree = "<group>"; };
		1FA9934C1F2CF8A300C5BF50 /* JukeViewController.storyboard */ = {isa = PBXFileReference; fileEncoding = 4; lastKnownFileType = file.storyboard; path = JukeViewController.storyboard; sourceTree = "<group>"; };
		1FCE85A2205BA6AB0017DF16 /* GoogleLoginViewController.swift */ = {isa = PBXFileReference; fileEncoding = 4; lastKnownFileType = sourcecode.swift; path = GoogleLoginViewController.swift; sourceTree = "<group>"; };
		1FCE85A3205BA6AB0017DF16 /* GoogleLoginViewController.storyboard */ = {isa = PBXFileReference; fileEncoding = 4; lastKnownFileType = file.storyboard; path = GoogleLoginViewController.storyboard; sourceTree = "<group>"; };
		40B98DEC4509BE8B71F11ACD /* Pods_mixmaxTests.framework */ = {isa = PBXFileReference; explicitFileType = wrapper.framework; includeInIndex = 0; path = Pods_mixmaxTests.framework; sourceTree = BUILT_PRODUCTS_DIR; };
		50241569F41DCA559CB67031 /* Pods-mixmaxUITests.release.xcconfig */ = {isa = PBXFileReference; includeInIndex = 1; lastKnownFileType = text.xcconfig; name = "Pods-mixmaxUITests.release.xcconfig"; path = "Pods/Target Support Files/Pods-mixmaxUITests/Pods-mixmaxUITests.release.xcconfig"; sourceTree = "<group>"; };
		58CDD8BEFC4253C2CA3AE444 /* Pods-mixmax.release.xcconfig */ = {isa = PBXFileReference; includeInIndex = 1; lastKnownFileType = text.xcconfig; name = "Pods-mixmax.release.xcconfig"; path = "Pods/Target Support Files/Pods-mixmax/Pods-mixmax.release.xcconfig"; sourceTree = "<group>"; };
		68FD6EF4718ADF6285A020BF /* Pods_mixmax.framework */ = {isa = PBXFileReference; explicitFileType = wrapper.framework; includeInIndex = 0; path = Pods_mixmax.framework; sourceTree = BUILT_PRODUCTS_DIR; };
		6965351A9BA01639213ADD8A /* Pods-mixmax.debug.xcconfig */ = {isa = PBXFileReference; includeInIndex = 1; lastKnownFileType = text.xcconfig; name = "Pods-mixmax.debug.xcconfig"; path = "Pods/Target Support Files/Pods-mixmax/Pods-mixmax.debug.xcconfig"; sourceTree = "<group>"; };
		94B2727F973D76302EE99231 /* Pods_mixmaxUITests.framework */ = {isa = PBXFileReference; explicitFileType = wrapper.framework; includeInIndex = 0; path = Pods_mixmaxUITests.framework; sourceTree = BUILT_PRODUCTS_DIR; };
		9D2303494D82045BAE6ADD0A /* Pods-mixmaxUITests.debug.xcconfig */ = {isa = PBXFileReference; includeInIndex = 1; lastKnownFileType = text.xcconfig; name = "Pods-mixmaxUITests.debug.xcconfig"; path = "Pods/Target Support Files/Pods-mixmaxUITests/Pods-mixmaxUITests.debug.xcconfig"; sourceTree = "<group>"; };
/* End PBXFileReference section */

/* Begin PBXFrameworksBuildPhase section */
		1F6595851EACB46F002B5DD5 /* Frameworks */ = {
			isa = PBXFrameworksBuildPhase;
			buildActionMask = 2147483647;
			files = (
				1F4D87641F63967900DB7DEE /* Jukebox.framework in Frameworks */,
				661D196EF31A347979A5F314 /* Pods_mixmax.framework in Frameworks */,
			);
			runOnlyForDeploymentPostprocessing = 0;
		};
		1F65959B1EACB46F002B5DD5 /* Frameworks */ = {
			isa = PBXFrameworksBuildPhase;
			buildActionMask = 2147483647;
			files = (
			);
			runOnlyForDeploymentPostprocessing = 0;
		};
		1F6595A61EACB46F002B5DD5 /* Frameworks */ = {
			isa = PBXFrameworksBuildPhase;
			buildActionMask = 2147483647;
			files = (
				439DEF28C55A120B19B12F46 /* Pods_mixmaxUITests.framework in Frameworks */,
			);
			runOnlyForDeploymentPostprocessing = 0;
		};
/* End PBXFrameworksBuildPhase section */

/* Begin PBXGroup section */
		0D7CE40231CC46B59C14C0F8 /* Frameworks */ = {
			isa = PBXGroup;
			children = (
				68FD6EF4718ADF6285A020BF /* Pods_mixmax.framework */,
				40B98DEC4509BE8B71F11ACD /* Pods_mixmaxTests.framework */,
				94B2727F973D76302EE99231 /* Pods_mixmaxUITests.framework */,
			);
			name = Frameworks;
			sourceTree = "<group>";
		};
		1F0D9F8E2060C2260047D076 /* Menu */ = {
			isa = PBXGroup;
			children = (
				1F0D9F8A2060C1F60047D076 /* MenuViewController.swift */,
				1F0D9F8C2060C2100047D076 /* MenuViewController.storyboard */,
			);
			name = Menu;
			sourceTree = "<group>";
		};
		1F1218982063A0EC00AB336F /* Model */ = {
			isa = PBXGroup;
			children = (
				1F6595C71EB0D142002B5DD5 /* Item.swift */,
				1F29036B2065F22A00CCD05A /* Track.swift */,
			);
			name = Model;
			sourceTree = "<group>";
		};
		1F1F45952060B3BA00DA1C51 /* Settings */ = {
			isa = PBXGroup;
			children = (
				1F1F45912060B39800DA1C51 /* SettingViewController.swift */,
				1F1F45932060B3AE00DA1C51 /* SettingViewController.storyboard */,
				1F1F45962060B48F00DA1C51 /* SettingTableViewCell.xib */,
				1F1F45982060B4FF00DA1C51 /* SettingTableViewCell.swift */,
			);
			name = Settings;
			sourceTree = "<group>";
		};
		1F213EE020624B14007D47BF /* Services */ = {
			isa = PBXGroup;
			children = (
				1F182D47205F68770077FCA3 /* CloudService.swift */,
				1F15A5022064AC0A00FC802A /* Client.swift */,
				1F1D5DA52061698A00F8C3DB /* GoogleClient.swift */,
				1F1D5DA72061699C00F8C3DB /* DropboxClient.swift */,
			);
			name = Services;
			sourceTree = "<group>";
		};
		1F3F84041EBAF3E900138213 /* Items */ = {
			isa = PBXGroup;
			children = (
				1F6595BB1EAF7305002B5DD5 /* ItemListViewController.storyboard */,
				1F6595C31EAFA490002B5DD5 /* ItemListViewController.swift */,
				1F6595BF1EAF7565002B5DD5 /* ItemListCollectionViewCell.swift */,
				1F6595C11EAF759C002B5DD5 /* ItemListCollectionViewCell.xib */,
			);
			name = Items;
			sourceTree = "<group>";
		};
		1F3F84051EBAF40400138213 /* DropBox */ = {
			isa = PBXGroup;
			children = (
				1F6595C91EB0EF3A002B5DD5 /* DropBoxLoginViewController.swift */,
				1F6595CB1EB0EF67002B5DD5 /* DropBoxLoginViewController.storyboard */,
			);
			name = DropBox;
			sourceTree = "<group>";
		};
		1F3F84061EBAF44600138213 /* Libraries */ = {
			isa = PBXGroup;
			children = (
				1F6595C51EB0C603002B5DD5 /* SwiftyJSON.swift */,
			);
			name = Libraries;
			sourceTree = "<group>";
		};
		1F5F28AC20694299002A28FE /* Player */ = {
			isa = PBXGroup;
			children = (
				1FA9934B1F2CF86F00C5BF50 /* JukePlayer */,
				1F213EE120624D57007D47BF /* PlayerViewController.swift */,
				1F213EE320624D71007D47BF /* PlayerViewController.storyboard */,
			);
			name = Player;
			sourceTree = "<group>";
		};
		1F65957F1EACB46F002B5DD5 = {
			isa = PBXGroup;
			children = (
				1F65958A1EACB46F002B5DD5 /* mixmax */,
				1F6595A11EACB46F002B5DD5 /* mixmaxTests */,
				1F6595AC1EACB46F002B5DD5 /* mixmaxUITests */,
				1F6595891EACB46F002B5DD5 /* Products */,
				1FA993471F2CF3F100C5BF50 /* Jukebox.framework */,
				29D5495394F72986BF29A3A0 /* Pods */,
				0D7CE40231CC46B59C14C0F8 /* Frameworks */,
			);
			sourceTree = "<group>";
		};
		1F6595891EACB46F002B5DD5 /* Products */ = {
			isa = PBXGroup;
			children = (
				1F6595881EACB46F002B5DD5 /* mixmax.app */,
				1F65959E1EACB46F002B5DD5 /* mixmaxTests.xctest */,
				1F6595A91EACB46F002B5DD5 /* mixmaxUITests.xctest */,
			);
			name = Products;
			sourceTree = "<group>";
		};
		1F65958A1EACB46F002B5DD5 /* mixmax */ = {
			isa = PBXGroup;
			children = (
				1F65958B1EACB46F002B5DD5 /* AppDelegate.swift */,
				1F6595911EACB46F002B5DD5 /* Main.storyboard */,
				1F6595941EACB46F002B5DD5 /* Assets.xcassets */,
				1F6595961EACB46F002B5DD5 /* LaunchScreen.storyboard */,
				1F3F84061EBAF44600138213 /* Libraries */,
				1F1218982063A0EC00AB336F /* Model */,
				1F3F84041EBAF3E900138213 /* Items */,
				1F5F28AC20694299002A28FE /* Player */,
				1F213EE020624B14007D47BF /* Services */,
				1F3F84051EBAF40400138213 /* DropBox */,
				1FCE85A6205BA6CB0017DF16 /* Google */,
				1F1F45952060B3BA00DA1C51 /* Settings */,
				1F0D9F8E2060C2260047D076 /* Menu */,
				1F6595991EACB46F002B5DD5 /* Info.plist */,
				1F45D691205CBA6D0093DC0C /* mixmax-Bridging-Header.h */,
			);
			path = mixmax;
			sourceTree = "<group>";
		};
		1F6595A11EACB46F002B5DD5 /* mixmaxTests */ = {
			isa = PBXGroup;
			children = (
				1F6595A21EACB46F002B5DD5 /* mixmaxTests.swift */,
				1F6595A41EACB46F002B5DD5 /* Info.plist */,
			);
			path = mixmaxTests;
			sourceTree = "<group>";
		};
		1F6595AC1EACB46F002B5DD5 /* mixmaxUITests */ = {
			isa = PBXGroup;
			children = (
				1F6595AD1EACB46F002B5DD5 /* mixmaxUITests.swift */,
				1F6595AF1EACB46F002B5DD5 /* Info.plist */,
			);
			path = mixmaxUITests;
			sourceTree = "<group>";
		};
		1FA9934B1F2CF86F00C5BF50 /* JukePlayer */ = {
			isa = PBXGroup;
			children = (
				1FA993491F2CF44600C5BF50 /* JukeViewController.swift */,
				1FA9934C1F2CF8A300C5BF50 /* JukeViewController.storyboard */,
			);
			name = JukePlayer;
			sourceTree = "<group>";
		};
		1FCE85A6205BA6CB0017DF16 /* Google */ = {
			isa = PBXGroup;
			children = (
				1FCE85A3205BA6AB0017DF16 /* GoogleLoginViewController.storyboard */,
				1FCE85A2205BA6AB0017DF16 /* GoogleLoginViewController.swift */,
			);
			path = Google;
			sourceTree = "<group>";
		};
		29D5495394F72986BF29A3A0 /* Pods */ = {
			isa = PBXGroup;
			children = (
				6965351A9BA01639213ADD8A /* Pods-mixmax.debug.xcconfig */,
				58CDD8BEFC4253C2CA3AE444 /* Pods-mixmax.release.xcconfig */,
				9D2303494D82045BAE6ADD0A /* Pods-mixmaxUITests.debug.xcconfig */,
				50241569F41DCA559CB67031 /* Pods-mixmaxUITests.release.xcconfig */,
			);
			name = Pods;
			sourceTree = "<group>";
		};
/* End PBXGroup section */

/* Begin PBXNativeTarget section */
		1F6595871EACB46F002B5DD5 /* mixmax */ = {
			isa = PBXNativeTarget;
			buildConfigurationList = 1F6595B21EACB46F002B5DD5 /* Build configuration list for PBXNativeTarget "mixmax" */;
			buildPhases = (
				90C6EE535EAE60C81E38F8C4 /* [CP] Check Pods Manifest.lock */,
				1F6595841EACB46F002B5DD5 /* Sources */,
				1F6595851EACB46F002B5DD5 /* Frameworks */,
				1F6595861EACB46F002B5DD5 /* Resources */,
				1F4D87661F63967900DB7DEE /* Embed Frameworks */,
				5B2375E310DE02E90E24DBDD /* [CP] Embed Pods Frameworks */,
				2EC234647E8B16F53A815A54 /* [CP] Copy Pods Resources */,
			);
			buildRules = (
			);
			dependencies = (
			);
			name = mixmax;
			productName = mixmax;
			productReference = 1F6595881EACB46F002B5DD5 /* mixmax.app */;
			productType = "com.apple.product-type.application";
		};
		1F65959D1EACB46F002B5DD5 /* mixmaxTests */ = {
			isa = PBXNativeTarget;
			buildConfigurationList = 1F6595B51EACB46F002B5DD5 /* Build configuration list for PBXNativeTarget "mixmaxTests" */;
			buildPhases = (
				1F65959A1EACB46F002B5DD5 /* Sources */,
				1F65959B1EACB46F002B5DD5 /* Frameworks */,
				1F65959C1EACB46F002B5DD5 /* Resources */,
			);
			buildRules = (
			);
			dependencies = (
				1F6595A01EACB46F002B5DD5 /* PBXTargetDependency */,
			);
			name = mixmaxTests;
			productName = mixmaxTests;
			productReference = 1F65959E1EACB46F002B5DD5 /* mixmaxTests.xctest */;
			productType = "com.apple.product-type.bundle.unit-test";
		};
		1F6595A81EACB46F002B5DD5 /* mixmaxUITests */ = {
			isa = PBXNativeTarget;
			buildConfigurationList = 1F6595B81EACB46F002B5DD5 /* Build configuration list for PBXNativeTarget "mixmaxUITests" */;
			buildPhases = (
				DA5580328441CAC9F9B78539 /* [CP] Check Pods Manifest.lock */,
				1F6595A51EACB46F002B5DD5 /* Sources */,
				1F6595A61EACB46F002B5DD5 /* Frameworks */,
				1F6595A71EACB46F002B5DD5 /* Resources */,
				0F6E22601B74D8CB47B48057 /* [CP] Embed Pods Frameworks */,
				725307FA20ECFFA5D45ACC6F /* [CP] Copy Pods Resources */,
			);
			buildRules = (
			);
			dependencies = (
				1F6595AB1EACB46F002B5DD5 /* PBXTargetDependency */,
			);
			name = mixmaxUITests;
			productName = mixmaxUITests;
			productReference = 1F6595A91EACB46F002B5DD5 /* mixmaxUITests.xctest */;
			productType = "com.apple.product-type.bundle.ui-testing";
		};
/* End PBXNativeTarget section */

/* Begin PBXProject section */
		1F6595801EACB46F002B5DD5 /* Project object */ = {
			isa = PBXProject;
			attributes = {
				LastSwiftUpdateCheck = 0830;
				LastUpgradeCheck = 0830;
				ORGANIZATIONNAME = "Vinh Nguyen";
				TargetAttributes = {
					1F6595871EACB46F002B5DD5 = {
						CreatedOnToolsVersion = 8.3.2;
						DevelopmentTeam = LH5CCFR5XZ;
						LastSwiftMigration = 0900;
						ProvisioningStyle = Automatic;
						SystemCapabilities = {
							com.apple.BackgroundModes = {
								enabled = 1;
							};
						};
					};
					1F65959D1EACB46F002B5DD5 = {
						CreatedOnToolsVersion = 8.3.2;
						ProvisioningStyle = Automatic;
						TestTargetID = 1F6595871EACB46F002B5DD5;
					};
					1F6595A81EACB46F002B5DD5 = {
						CreatedOnToolsVersion = 8.3.2;
						ProvisioningStyle = Automatic;
						TestTargetID = 1F6595871EACB46F002B5DD5;
					};
				};
			};
			buildConfigurationList = 1F6595831EACB46F002B5DD5 /* Build configuration list for PBXProject "mixmax" */;
			compatibilityVersion = "Xcode 3.2";
			developmentRegion = English;
			hasScannedForEncodings = 0;
			knownRegions = (
				en,
				Base,
			);
			mainGroup = 1F65957F1EACB46F002B5DD5;
			productRefGroup = 1F6595891EACB46F002B5DD5 /* Products */;
			projectDirPath = "";
			projectRoot = "";
			targets = (
				1F6595871EACB46F002B5DD5 /* mixmax */,
				1F65959D1EACB46F002B5DD5 /* mixmaxTests */,
				1F6595A81EACB46F002B5DD5 /* mixmaxUITests */,
			);
		};
/* End PBXProject section */

/* Begin PBXResourcesBuildPhase section */
		1F6595861EACB46F002B5DD5 /* Resources */ = {
			isa = PBXResourcesBuildPhase;
			buildActionMask = 2147483647;
			files = (
				1F1F45942060B3AE00DA1C51 /* SettingViewController.storyboard in Resources */,
				1FCE85A5205BA6AB0017DF16 /* GoogleLoginViewController.storyboard in Resources */,
				1F0D9F8D2060C2100047D076 /* MenuViewController.storyboard in Resources */,
				1F6595CC1EB0EF67002B5DD5 /* DropBoxLoginViewController.storyboard in Resources */,
				1F6595C21EAF759C002B5DD5 /* ItemListCollectionViewCell.xib in Resources */,
				1FA9934D1F2CF8A300C5BF50 /* JukeViewController.storyboard in Resources */,
				1F213EE420624D71007D47BF /* PlayerViewController.storyboard in Resources */,
				1F6595981EACB46F002B5DD5 /* LaunchScreen.storyboard in Resources */,
				1F6595951EACB46F002B5DD5 /* Assets.xcassets in Resources */,
				1F6595931EACB46F002B5DD5 /* Main.storyboard in Resources */,
				1F1F45972060B48F00DA1C51 /* SettingTableViewCell.xib in Resources */,
				1F6595BC1EAF7305002B5DD5 /* ItemListViewController.storyboard in Resources */,
			);
			runOnlyForDeploymentPostprocessing = 0;
		};
		1F65959C1EACB46F002B5DD5 /* Resources */ = {
			isa = PBXResourcesBuildPhase;
			buildActionMask = 2147483647;
			files = (
			);
			runOnlyForDeploymentPostprocessing = 0;
		};
		1F6595A71EACB46F002B5DD5 /* Resources */ = {
			isa = PBXResourcesBuildPhase;
			buildActionMask = 2147483647;
			files = (
			);
			runOnlyForDeploymentPostprocessing = 0;
		};
/* End PBXResourcesBuildPhase section */

/* Begin PBXShellScriptBuildPhase section */
		0F6E22601B74D8CB47B48057 /* [CP] Embed Pods Frameworks */ = {
			isa = PBXShellScriptBuildPhase;
			buildActionMask = 2147483647;
			files = (
			);
			inputPaths = (
				"${SRCROOT}/Pods/Target Support Files/Pods-mixmaxUITests/Pods-mixmaxUITests-frameworks.sh",
				"${BUILT_PRODUCTS_DIR}/RxSwift/RxSwift.framework",
				"${BUILT_PRODUCTS_DIR}/RxBlocking/RxBlocking.framework",
				"${BUILT_PRODUCTS_DIR}/RxTest/RxTest.framework",
			);
			name = "[CP] Embed Pods Frameworks";
			outputPaths = (
				"${TARGET_BUILD_DIR}/${FRAMEWORKS_FOLDER_PATH}/RxSwift.framework",
				"${TARGET_BUILD_DIR}/${FRAMEWORKS_FOLDER_PATH}/RxBlocking.framework",
				"${TARGET_BUILD_DIR}/${FRAMEWORKS_FOLDER_PATH}/RxTest.framework",
			);
			runOnlyForDeploymentPostprocessing = 0;
			shellPath = /bin/sh;
			shellScript = "\"${SRCROOT}/Pods/Target Support Files/Pods-mixmaxUITests/Pods-mixmaxUITests-frameworks.sh\"\n";
			showEnvVarsInLog = 0;
		};
		2EC234647E8B16F53A815A54 /* [CP] Copy Pods Resources */ = {
			isa = PBXShellScriptBuildPhase;
			buildActionMask = 2147483647;
			files = (
			);
			inputPaths = (
				"${SRCROOT}/Pods/Target Support Files/Pods-mixmax/Pods-mixmax-resources.sh",
				"${PODS_ROOT}/GoogleSignIn/Resources/GoogleSignIn.bundle",
			);
			name = "[CP] Copy Pods Resources";
			outputPaths = (
				"${TARGET_BUILD_DIR}/${UNLOCALIZED_RESOURCES_FOLDER_PATH}",
			);
			runOnlyForDeploymentPostprocessing = 0;
			shellPath = /bin/sh;
			shellScript = "\"${SRCROOT}/Pods/Target Support Files/Pods-mixmax/Pods-mixmax-resources.sh\"\n";
			showEnvVarsInLog = 0;
		};
		5B2375E310DE02E90E24DBDD /* [CP] Embed Pods Frameworks */ = {
			isa = PBXShellScriptBuildPhase;
			buildActionMask = 2147483647;
			files = (
			);
			inputPaths = (
				"${SRCROOT}/Pods/Target Support Files/Pods-mixmax/Pods-mixmax-frameworks.sh",
				"${BUILT_PRODUCTS_DIR}/GTMOAuth2/GTMOAuth2.framework",
				"${BUILT_PRODUCTS_DIR}/GTMSessionFetcher/GTMSessionFetcher.framework",
				"${BUILT_PRODUCTS_DIR}/GoogleToolboxForMac/GoogleToolboxForMac.framework",
				"${BUILT_PRODUCTS_DIR}/PromiseKit/PromiseKit.framework",
				"${BUILT_PRODUCTS_DIR}/RxCocoa/RxCocoa.framework",
				"${BUILT_PRODUCTS_DIR}/RxSwift/RxSwift.framework",
				"${BUILT_PRODUCTS_DIR}/SlideMenuControllerSwift/SlideMenuControllerSwift.framework",
			);
			name = "[CP] Embed Pods Frameworks";
			outputPaths = (
				"${TARGET_BUILD_DIR}/${FRAMEWORKS_FOLDER_PATH}/GTMOAuth2.framework",
				"${TARGET_BUILD_DIR}/${FRAMEWORKS_FOLDER_PATH}/GTMSessionFetcher.framework",
				"${TARGET_BUILD_DIR}/${FRAMEWORKS_FOLDER_PATH}/GoogleToolboxForMac.framework",
				"${TARGET_BUILD_DIR}/${FRAMEWORKS_FOLDER_PATH}/PromiseKit.framework",
				"${TARGET_BUILD_DIR}/${FRAMEWORKS_FOLDER_PATH}/RxCocoa.framework",
				"${TARGET_BUILD_DIR}/${FRAMEWORKS_FOLDER_PATH}/RxSwift.framework",
				"${TARGET_BUILD_DIR}/${FRAMEWORKS_FOLDER_PATH}/SlideMenuControllerSwift.framework",
			);
			runOnlyForDeploymentPostprocessing = 0;
			shellPath = /bin/sh;
			shellScript = "\"${SRCROOT}/Pods/Target Support Files/Pods-mixmax/Pods-mixmax-frameworks.sh\"\n";
			showEnvVarsInLog = 0;
		};
		725307FA20ECFFA5D45ACC6F /* [CP] Copy Pods Resources */ = {
			isa = PBXShellScriptBuildPhase;
			buildActionMask = 2147483647;
			files = (
			);
			inputPaths = (
			);
			name = "[CP] Copy Pods Resources";
			outputPaths = (
			);
			runOnlyForDeploymentPostprocessing = 0;
			shellPath = /bin/sh;
			shellScript = "\"${SRCROOT}/Pods/Target Support Files/Pods-mixmaxUITests/Pods-mixmaxUITests-resources.sh\"\n";
			showEnvVarsInLog = 0;
		};
		90C6EE535EAE60C81E38F8C4 /* [CP] Check Pods Manifest.lock */ = {
			isa = PBXShellScriptBuildPhase;
			buildActionMask = 2147483647;
			files = (
			);
			inputPaths = (
				"${PODS_PODFILE_DIR_PATH}/Podfile.lock",
				"${PODS_ROOT}/Manifest.lock",
			);
			name = "[CP] Check Pods Manifest.lock";
			outputPaths = (
				"$(DERIVED_FILE_DIR)/Pods-mixmax-checkManifestLockResult.txt",
			);
			runOnlyForDeploymentPostprocessing = 0;
			shellPath = /bin/sh;
			shellScript = "diff \"${PODS_PODFILE_DIR_PATH}/Podfile.lock\" \"${PODS_ROOT}/Manifest.lock\" > /dev/null\nif [ $? != 0 ] ; then\n    # print error to STDERR\n    echo \"error: The sandbox is not in sync with the Podfile.lock. Run 'pod install' or update your CocoaPods installation.\" >&2\n    exit 1\nfi\n# This output is used by Xcode 'outputs' to avoid re-running this script phase.\necho \"SUCCESS\" > \"${SCRIPT_OUTPUT_FILE_0}\"\n";
			showEnvVarsInLog = 0;
		};
		DA5580328441CAC9F9B78539 /* [CP] Check Pods Manifest.lock */ = {
			isa = PBXShellScriptBuildPhase;
			buildActionMask = 2147483647;
			files = (
			);
			inputPaths = (
				"${PODS_PODFILE_DIR_PATH}/Podfile.lock",
				"${PODS_ROOT}/Manifest.lock",
			);
			name = "[CP] Check Pods Manifest.lock";
			outputPaths = (
				"$(DERIVED_FILE_DIR)/Pods-mixmaxUITests-checkManifestLockResult.txt",
			);
			runOnlyForDeploymentPostprocessing = 0;
			shellPath = /bin/sh;
			shellScript = "diff \"${PODS_PODFILE_DIR_PATH}/Podfile.lock\" \"${PODS_ROOT}/Manifest.lock\" > /dev/null\nif [ $? != 0 ] ; then\n    # print error to STDERR\n    echo \"error: The sandbox is not in sync with the Podfile.lock. Run 'pod install' or update your CocoaPods installation.\" >&2\n    exit 1\nfi\n# This output is used by Xcode 'outputs' to avoid re-running this script phase.\necho \"SUCCESS\" > \"${SCRIPT_OUTPUT_FILE_0}\"\n";
			showEnvVarsInLog = 0;
		};
/* End PBXShellScriptBuildPhase section */

/* Begin PBXSourcesBuildPhase section */
		1F6595841EACB46F002B5DD5 /* Sources */ = {
			isa = PBXSourcesBuildPhase;
			buildActionMask = 2147483647;
			files = (
				1F1F45992060B4FF00DA1C51 /* SettingTableViewCell.swift in Sources */,
				1F6595C41EAFA490002B5DD5 /* ItemListViewController.swift in Sources */,
				1F6595CA1EB0EF3A002B5DD5 /* DropBoxLoginViewController.swift in Sources */,
				1F6595C01EAF7565002B5DD5 /* ItemListCollectionViewCell.swift in Sources */,
				1F1D5DA62061698A00F8C3DB /* GoogleClient.swift in Sources */,
				1F29036C2065F22A00CCD05A /* Track.swift in Sources */,
				1F1D5DA82061699C00F8C3DB /* DropboxClient.swift in Sources */,
				1FA9934A1F2CF44600C5BF50 /* JukeViewController.swift in Sources */,
				1F6595C61EB0C603002B5DD5 /* SwiftyJSON.swift in Sources */,
				1F1F45922060B39800DA1C51 /* SettingViewController.swift in Sources */,
				1F0D9F8B2060C1F60047D076 /* MenuViewController.swift in Sources */,
				1F15A5032064AC0A00FC802A /* Client.swift in Sources */,
				1F6595C81EB0D142002B5DD5 /* Item.swift in Sources */,
				1F65958C1EACB46F002B5DD5 /* AppDelegate.swift in Sources */,
				1FCE85A4205BA6AB0017DF16 /* GoogleLoginViewController.swift in Sources */,
				1F182D48205F68770077FCA3 /* CloudService.swift in Sources */,
				1F213EE220624D57007D47BF /* PlayerViewController.swift in Sources */,
			);
			runOnlyForDeploymentPostprocessing = 0;
		};
		1F65959A1EACB46F002B5DD5 /* Sources */ = {
			isa = PBXSourcesBuildPhase;
			buildActionMask = 2147483647;
			files = (
				1F6595A31EACB46F002B5DD5 /* mixmaxTests.swift in Sources */,
			);
			runOnlyForDeploymentPostprocessing = 0;
		};
		1F6595A51EACB46F002B5DD5 /* Sources */ = {
			isa = PBXSourcesBuildPhase;
			buildActionMask = 2147483647;
			files = (
				1F6595AE1EACB46F002B5DD5 /* mixmaxUITests.swift in Sources */,
			);
			runOnlyForDeploymentPostprocessing = 0;
		};
/* End PBXSourcesBuildPhase section */

/* Begin PBXTargetDependency section */
		1F6595A01EACB46F002B5DD5 /* PBXTargetDependency */ = {
			isa = PBXTargetDependency;
			target = 1F6595871EACB46F002B5DD5 /* mixmax */;
			targetProxy = 1F65959F1EACB46F002B5DD5 /* PBXContainerItemProxy */;
		};
		1F6595AB1EACB46F002B5DD5 /* PBXTargetDependency */ = {
			isa = PBXTargetDependency;
			target = 1F6595871EACB46F002B5DD5 /* mixmax */;
			targetProxy = 1F6595AA1EACB46F002B5DD5 /* PBXContainerItemProxy */;
		};
/* End PBXTargetDependency section */

/* Begin PBXVariantGroup section */
		1F6595911EACB46F002B5DD5 /* Main.storyboard */ = {
			isa = PBXVariantGroup;
			children = (
				1F6595921EACB46F002B5DD5 /* Base */,
			);
			name = Main.storyboard;
			sourceTree = "<group>";
		};
		1F6595961EACB46F002B5DD5 /* LaunchScreen.storyboard */ = {
			isa = PBXVariantGroup;
			children = (
				1F6595971EACB46F002B5DD5 /* Base */,
			);
			name = LaunchScreen.storyboard;
			sourceTree = "<group>";
		};
/* End PBXVariantGroup section */

/* Begin XCBuildConfiguration section */
		1F6595B01EACB46F002B5DD5 /* Debug */ = {
			isa = XCBuildConfiguration;
			buildSettings = {
				ALWAYS_SEARCH_USER_PATHS = NO;
				CLANG_ANALYZER_NONNULL = YES;
				CLANG_ANALYZER_NUMBER_OBJECT_CONVERSION = YES_AGGRESSIVE;
				CLANG_CXX_LANGUAGE_STANDARD = "gnu++0x";
				CLANG_CXX_LIBRARY = "libc++";
				CLANG_ENABLE_MODULES = YES;
				CLANG_ENABLE_OBJC_ARC = YES;
				CLANG_WARN_BOOL_CONVERSION = YES;
				CLANG_WARN_CONSTANT_CONVERSION = YES;
				CLANG_WARN_DIRECT_OBJC_ISA_USAGE = YES_ERROR;
				CLANG_WARN_DOCUMENTATION_COMMENTS = YES;
				CLANG_WARN_EMPTY_BODY = YES;
				CLANG_WARN_ENUM_CONVERSION = YES;
				CLANG_WARN_INFINITE_RECURSION = YES;
				CLANG_WARN_INT_CONVERSION = YES;
				CLANG_WARN_OBJC_ROOT_CLASS = YES_ERROR;
				CLANG_WARN_SUSPICIOUS_MOVE = YES;
				CLANG_WARN_UNREACHABLE_CODE = YES;
				CLANG_WARN__DUPLICATE_METHOD_MATCH = YES;
				"CODE_SIGN_IDENTITY[sdk=iphoneos*]" = "iPhone Developer";
				COPY_PHASE_STRIP = NO;
				DEBUG_INFORMATION_FORMAT = dwarf;
				ENABLE_STRICT_OBJC_MSGSEND = YES;
				ENABLE_TESTABILITY = YES;
				GCC_C_LANGUAGE_STANDARD = gnu99;
				GCC_DYNAMIC_NO_PIC = NO;
				GCC_NO_COMMON_BLOCKS = YES;
				GCC_OPTIMIZATION_LEVEL = 0;
				GCC_PREPROCESSOR_DEFINITIONS = (
					"DEBUG=1",
					"$(inherited)",
				);
				GCC_WARN_64_TO_32_BIT_CONVERSION = YES;
				GCC_WARN_ABOUT_RETURN_TYPE = YES_ERROR;
				GCC_WARN_UNDECLARED_SELECTOR = YES;
				GCC_WARN_UNINITIALIZED_AUTOS = YES_AGGRESSIVE;
				GCC_WARN_UNUSED_FUNCTION = YES;
				GCC_WARN_UNUSED_VARIABLE = YES;
				IPHONEOS_DEPLOYMENT_TARGET = 10.3;
				MTL_ENABLE_DEBUG_INFO = YES;
				ONLY_ACTIVE_ARCH = YES;
				SDKROOT = iphoneos;
				SWIFT_ACTIVE_COMPILATION_CONDITIONS = DEBUG;
				SWIFT_OPTIMIZATION_LEVEL = "-Onone";
				TARGETED_DEVICE_FAMILY = "1,2";
			};
			name = Debug;
		};
		1F6595B11EACB46F002B5DD5 /* Release */ = {
			isa = XCBuildConfiguration;
			buildSettings = {
				ALWAYS_SEARCH_USER_PATHS = NO;
				CLANG_ANALYZER_NONNULL = YES;
				CLANG_ANALYZER_NUMBER_OBJECT_CONVERSION = YES_AGGRESSIVE;
				CLANG_CXX_LANGUAGE_STANDARD = "gnu++0x";
				CLANG_CXX_LIBRARY = "libc++";
				CLANG_ENABLE_MODULES = YES;
				CLANG_ENABLE_OBJC_ARC = YES;
				CLANG_WARN_BOOL_CONVERSION = YES;
				CLANG_WARN_CONSTANT_CONVERSION = YES;
				CLANG_WARN_DIRECT_OBJC_ISA_USAGE = YES_ERROR;
				CLANG_WARN_DOCUMENTATION_COMMENTS = YES;
				CLANG_WARN_EMPTY_BODY = YES;
				CLANG_WARN_ENUM_CONVERSION = YES;
				CLANG_WARN_INFINITE_RECURSION = YES;
				CLANG_WARN_INT_CONVERSION = YES;
				CLANG_WARN_OBJC_ROOT_CLASS = YES_ERROR;
				CLANG_WARN_SUSPICIOUS_MOVE = YES;
				CLANG_WARN_UNREACHABLE_CODE = YES;
				CLANG_WARN__DUPLICATE_METHOD_MATCH = YES;
				"CODE_SIGN_IDENTITY[sdk=iphoneos*]" = "iPhone Developer";
				COPY_PHASE_STRIP = NO;
				DEBUG_INFORMATION_FORMAT = "dwarf-with-dsym";
				ENABLE_NS_ASSERTIONS = NO;
				ENABLE_STRICT_OBJC_MSGSEND = YES;
				GCC_C_LANGUAGE_STANDARD = gnu99;
				GCC_NO_COMMON_BLOCKS = YES;
				GCC_WARN_64_TO_32_BIT_CONVERSION = YES;
				GCC_WARN_ABOUT_RETURN_TYPE = YES_ERROR;
				GCC_WARN_UNDECLARED_SELECTOR = YES;
				GCC_WARN_UNINITIALIZED_AUTOS = YES_AGGRESSIVE;
				GCC_WARN_UNUSED_FUNCTION = YES;
				GCC_WARN_UNUSED_VARIABLE = YES;
				IPHONEOS_DEPLOYMENT_TARGET = 10.3;
				MTL_ENABLE_DEBUG_INFO = NO;
				SDKROOT = iphoneos;
				SWIFT_OPTIMIZATION_LEVEL = "-Owholemodule";
				TARGETED_DEVICE_FAMILY = "1,2";
				VALIDATE_PRODUCT = YES;
			};
			name = Release;
		};
		1F6595B31EACB46F002B5DD5 /* Debug */ = {
			isa = XCBuildConfiguration;
			baseConfigurationReference = 6965351A9BA01639213ADD8A /* Pods-mixmax.debug.xcconfig */;
			buildSettings = {
				ASSETCATALOG_COMPILER_APPICON_NAME = AppIcon;
				CLANG_ENABLE_MODULES = YES;
				DEVELOPMENT_TEAM = LH5CCFR5XZ;
				FRAMEWORK_SEARCH_PATHS = (
					"$(inherited)",
					"$(PROJECT_DIR)/Carthage/Build/iOS",
					"$(PROJECT_DIR)/Carthage/Checkouts/Jukebox/Carthage/Build/iOS",
				);
				INFOPLIST_FILE = mixmax/Info.plist;
				IPHONEOS_DEPLOYMENT_TARGET = 9.3;
				LD_RUNPATH_SEARCH_PATHS = "$(inherited) @executable_path/Frameworks";
				PRODUCT_BUNDLE_IDENTIFIER = ving.com.mixmax;
				PRODUCT_NAME = "$(TARGET_NAME)";
				SWIFT_OBJC_BRIDGING_HEADER = "mixmax/mixmax-Bridging-Header.h";
				SWIFT_OPTIMIZATION_LEVEL = "-Onone";
				SWIFT_VERSION = 3.0;
			};
			name = Debug;
		};
		1F6595B41EACB46F002B5DD5 /* Release */ = {
			isa = XCBuildConfiguration;
			baseConfigurationReference = 58CDD8BEFC4253C2CA3AE444 /* Pods-mixmax.release.xcconfig */;
			buildSettings = {
				ASSETCATALOG_COMPILER_APPICON_NAME = AppIcon;
				CLANG_ENABLE_MODULES = YES;
				DEVELOPMENT_TEAM = LH5CCFR5XZ;
				FRAMEWORK_SEARCH_PATHS = (
					"$(inherited)",
					"$(PROJECT_DIR)/Carthage/Build/iOS",
					"$(PROJECT_DIR)/Carthage/Checkouts/Jukebox/Carthage/Build/iOS",
				);
				INFOPLIST_FILE = mixmax/Info.plist;
				IPHONEOS_DEPLOYMENT_TARGET = 9.3;
				LD_RUNPATH_SEARCH_PATHS = "$(inherited) @executable_path/Frameworks";
				PRODUCT_BUNDLE_IDENTIFIER = ving.com.mixmax;
				PRODUCT_NAME = "$(TARGET_NAME)";
				SWIFT_OBJC_BRIDGING_HEADER = "mixmax/mixmax-Bridging-Header.h";
				SWIFT_VERSION = 3.0;
			};
			name = Release;
		};
		1F6595B61EACB46F002B5DD5 /* Debug */ = {
			isa = XCBuildConfiguration;
			buildSettings = {
				ALWAYS_EMBED_SWIFT_STANDARD_LIBRARIES = YES;
				BUNDLE_LOADER = "$(TEST_HOST)";
				INFOPLIST_FILE = mixmaxTests/Info.plist;
				LD_RUNPATH_SEARCH_PATHS = "$(inherited) @executable_path/Frameworks @loader_path/Frameworks";
				PRODUCT_BUNDLE_IDENTIFIER = ving.com.mixmaxTests;
				PRODUCT_NAME = "$(TARGET_NAME)";
				SWIFT_VERSION = 3.0;
				TEST_HOST = "$(BUILT_PRODUCTS_DIR)/mixmax.app/mixmax";
			};
			name = Debug;
		};
		1F6595B71EACB46F002B5DD5 /* Release */ = {
			isa = XCBuildConfiguration;
			buildSettings = {
				ALWAYS_EMBED_SWIFT_STANDARD_LIBRARIES = YES;
				BUNDLE_LOADER = "$(TEST_HOST)";
				INFOPLIST_FILE = mixmaxTests/Info.plist;
				LD_RUNPATH_SEARCH_PATHS = "$(inherited) @executable_path/Frameworks @loader_path/Frameworks";
				PRODUCT_BUNDLE_IDENTIFIER = ving.com.mixmaxTests;
				PRODUCT_NAME = "$(TARGET_NAME)";
				SWIFT_VERSION = 3.0;
				TEST_HOST = "$(BUILT_PRODUCTS_DIR)/mixmax.app/mixmax";
			};
			name = Release;
		};
		1F6595B91EACB46F002B5DD5 /* Debug */ = {
			isa = XCBuildConfiguration;
			baseConfigurationReference = 9D2303494D82045BAE6ADD0A /* Pods-mixmaxUITests.debug.xcconfig */;
			buildSettings = {
				ALWAYS_EMBED_SWIFT_STANDARD_LIBRARIES = YES;
				INFOPLIST_FILE = mixmaxUITests/Info.plist;
				LD_RUNPATH_SEARCH_PATHS = "$(inherited) @executable_path/Frameworks @loader_path/Frameworks";
				PRODUCT_BUNDLE_IDENTIFIER = ving.com.mixmaxUITests;
				PRODUCT_NAME = "$(TARGET_NAME)";
				SWIFT_VERSION = 3.0;
				TEST_TARGET_NAME = mixmax;
			};
			name = Debug;
		};
		1F6595BA1EACB46F002B5DD5 /* Release */ = {
			isa = XCBuildConfiguration;
			baseConfigurationReference = 50241569F41DCA559CB67031 /* Pods-mixmaxUITests.release.xcconfig */;
			buildSettings = {
				ALWAYS_EMBED_SWIFT_STANDARD_LIBRARIES = YES;
				INFOPLIST_FILE = mixmaxUITests/Info.plist;
				LD_RUNPATH_SEARCH_PATHS = "$(inherited) @executable_path/Frameworks @loader_path/Frameworks";
				PRODUCT_BUNDLE_IDENTIFIER = ving.com.mixmaxUITests;
				PRODUCT_NAME = "$(TARGET_NAME)";
				SWIFT_VERSION = 3.0;
				TEST_TARGET_NAME = mixmax;
			};
			name = Release;
		};
/* End XCBuildConfiguration section */

/* Begin XCConfigurationList section */
		1F6595831EACB46F002B5DD5 /* Build configuration list for PBXProject "mixmax" */ = {
			isa = XCConfigurationList;
			buildConfigurations = (
				1F6595B01EACB46F002B5DD5 /* Debug */,
				1F6595B11EACB46F002B5DD5 /* Release */,
			);
			defaultConfigurationIsVisible = 0;
			defaultConfigurationName = Release;
		};
		1F6595B21EACB46F002B5DD5 /* Build configuration list for PBXNativeTarget "mixmax" */ = {
			isa = XCConfigurationList;
			buildConfigurations = (
				1F6595B31EACB46F002B5DD5 /* Debug */,
				1F6595B41EACB46F002B5DD5 /* Release */,
			);
			defaultConfigurationIsVisible = 0;
			defaultConfigurationName = Release;
		};
		1F6595B51EACB46F002B5DD5 /* Build configuration list for PBXNativeTarget "mixmaxTests" */ = {
			isa = XCConfigurationList;
			buildConfigurations = (
				1F6595B61EACB46F002B5DD5 /* Debug */,
				1F6595B71EACB46F002B5DD5 /* Release */,
			);
			defaultConfigurationIsVisible = 0;
			defaultConfigurationName = Release;
		};
		1F6595B81EACB46F002B5DD5 /* Build configuration list for PBXNativeTarget "mixmaxUITests" */ = {
			isa = XCConfigurationList;
			buildConfigurations = (
				1F6595B91EACB46F002B5DD5 /* Debug */,
				1F6595BA1EACB46F002B5DD5 /* Release */,
			);
			defaultConfigurationIsVisible = 0;
			defaultConfigurationName = Release;
		};
/* End XCConfigurationList section */
	};
	rootObject = 1F6595801EACB46F002B5DD5 /* Project object */;
}
